
Microsoft Visual Studio Solution File, Format Version 12.00
# Visual Studio 15
Project("{FAE04EC0-301F-11D3-BF4B-00C04F79EFBC}") = "QuotationApp.Api", "QuotationApp.Api\QuotationApp.Api.csproj", "{ADA9781A-5D02-4A41-AAA5-8A790F1EDD0E}"
EndProject
Project("{FAE04EC0-301F-11D3-BF4B-00C04F79EFBC}") = "QuoteApp.Api.Tests", "QuoteApp.Api.Tests\QuoteApp.Api.Tests.csproj", "{6FDF8A24-F2DA-4750-AAA4-D4D44CC75D25}"
EndProject
Global
	GlobalSection(SolutionConfigurationPlatforms) = preSolution
		Debug|Any CPU = Debug|Any CPU
		Release|Any CPU = Release|Any CPU
	EndGlobalSection
	GlobalSection(ProjectConfigurationPlatforms) = postSolution
		{ADA9781A-5D02-4A41-AAA5-8A790F1EDD0E}.Debug|Any CPU.ActiveCfg = Debug|Any CPU
		{ADA9781A-5D02-4A41-AAA5-8A790F1EDD0E}.Debug|Any CPU.Build.0 = Debug|Any CPU
		{ADA9781A-5D02-4A41-AAA5-8A790F1EDD0E}.Release|Any CPU.ActiveCfg = Release|Any CPU
		{ADA9781A-5D02-4A41-AAA5-8A790F1EDD0E}.Release|Any CPU.Build.0 = Release|Any CPU
		{6FDF8A24-F2DA-4750-AAA4-D4D44CC75D25}.Debug|Any CPU.ActiveCfg = Debug|Any CPU
		{6FDF8A24-F2DA-4750-AAA4-D4D44CC75D25}.Debug|Any CPU.Build.0 = Debug|Any CPU
		{6FDF8A24-F2DA-4750-AAA4-D4D44CC75D25}.Release|Any CPU.ActiveCfg = Release|Any CPU
		{6FDF8A24-F2DA-4750-AAA4-D4D44CC75D25}.Release|Any CPU.Build.0 = Release|Any CPU
	EndGlobalSection
EndGlobal
